
Microsoft Visual Studio Solution File, Format Version 12.00
# Visual Studio Version 17
VisualStudioVersion = 17.5.33627.172
MinimumVisualStudioVersion = 10.0.40219.1
Project("{FAE04EC0-301F-11D3-BF4B-00C04F79EFBC}") = "AsynchronousProgramming", "AsynchronousProgramming\AsynchronousProgramming.csproj", "{61E9631C-6C84-4C89-A53E-CD6476E3E048}"
EndProject
Global
	GlobalSection(SolutionConfigurationPlatforms) = preSolution
		Debug|Any CPU = Debug|Any CPU
		Release|Any CPU = Release|Any CPU
	EndGlobalSection
	GlobalSection(ProjectConfigurationPlatforms) = postSolution
		{61E9631C-6C84-4C89-A53E-CD6476E3E048}.Debug|Any CPU.ActiveCfg = Debug|Any CPU
		{61E9631C-6C84-4C89-A53E-CD6476E3E048}.Debug|Any CPU.Build.0 = Debug|Any CPU
		{61E9631C-6C84-4C89-A53E-CD6476E3E048}.Release|Any CPU.ActiveCfg = Release|Any CPU
		{61E9631C-6C84-4C89-A53E-CD6476E3E048}.Release|Any CPU.Build.0 = Release|Any CPU
	EndGlobalSection
	GlobalSection(SolutionProperties) = preSolution
		HideSolutionNode = FALSE
	EndGlobalSection
	GlobalSection(ExtensibilityGlobals) = postSolution
		SolutionGuid = {13D9F8BF-E7A7-4C83-93EE-5B4F1643BF7D}
	EndGlobalSection
EndGlobal
