
Microsoft Visual Studio Solution File, Format Version 12.00
# Visual Studio Version 17
VisualStudioVersion = 17.5.33627.172
MinimumVisualStudioVersion = 10.0.40219.1
Project("{FAE04EC0-301F-11D3-BF4B-00C04F79EFBC}") = "WebApplication1", "WebApplication1\WebApplication1.csproj", "{BF62F28F-E5B3-48BA-89EF-F5505D7EB208}"
EndProject
Project("{FAE04EC0-301F-11D3-BF4B-00C04F79EFBC}") = "BusinessLayer", "BusinessLayer\BusinessLayer.csproj", "{928CCBEA-A0A4-4573-B2B0-747DBB2377C3}"
EndProject
Project("{FAE04EC0-301F-11D3-BF4B-00C04F79EFBC}") = "DataAcessLayer", "DataAcessLayer\DataAcessLayer.csproj", "{A6A06947-3D58-4EB8-B75D-FA152E48307D}"
EndProject
Global
	GlobalSection(SolutionConfigurationPlatforms) = preSolution
		Debug|Any CPU = Debug|Any CPU
		Release|Any CPU = Release|Any CPU
	EndGlobalSection
	GlobalSection(ProjectConfigurationPlatforms) = postSolution
		{BF62F28F-E5B3-48BA-89EF-F5505D7EB208}.Debug|Any CPU.ActiveCfg = Debug|Any CPU
		{BF62F28F-E5B3-48BA-89EF-F5505D7EB208}.Debug|Any CPU.Build.0 = Debug|Any CPU
		{BF62F28F-E5B3-48BA-89EF-F5505D7EB208}.Release|Any CPU.ActiveCfg = Release|Any CPU
		{BF62F28F-E5B3-48BA-89EF-F5505D7EB208}.Release|Any CPU.Build.0 = Release|Any CPU
		{928CCBEA-A0A4-4573-B2B0-747DBB2377C3}.Debug|Any CPU.ActiveCfg = Debug|Any CPU
		{928CCBEA-A0A4-4573-B2B0-747DBB2377C3}.Debug|Any CPU.Build.0 = Debug|Any CPU
		{928CCBEA-A0A4-4573-B2B0-747DBB2377C3}.Release|Any CPU.ActiveCfg = Release|Any CPU
		{928CCBEA-A0A4-4573-B2B0-747DBB2377C3}.Release|Any CPU.Build.0 = Release|Any CPU
		{A6A06947-3D58-4EB8-B75D-FA152E48307D}.Debug|Any CPU.ActiveCfg = Debug|Any CPU
		{A6A06947-3D58-4EB8-B75D-FA152E48307D}.Debug|Any CPU.Build.0 = Debug|Any CPU
		{A6A06947-3D58-4EB8-B75D-FA152E48307D}.Release|Any CPU.ActiveCfg = Release|Any CPU
		{A6A06947-3D58-4EB8-B75D-FA152E48307D}.Release|Any CPU.Build.0 = Release|Any CPU
	EndGlobalSection
	GlobalSection(SolutionProperties) = preSolution
		HideSolutionNode = FALSE
	EndGlobalSection
	GlobalSection(ExtensibilityGlobals) = postSolution
		SolutionGuid = {319AE0CD-8290-40A5-81E3-B6D4055F3F4B}
	EndGlobalSection
EndGlobal
