
Microsoft Visual Studio Solution File, Format Version 12.00
# Visual Studio Version 17
VisualStudioVersion = 17.5.33627.172
MinimumVisualStudioVersion = 10.0.40219.1
Project("{FAE04EC0-301F-11D3-BF4B-00C04F79EFBC}") = "internalApp0", "internalApp0\internalApp0.csproj", "{AF222E15-423A-473B-8825-2C465E3969CD}"
EndProject
Global
	GlobalSection(SolutionConfigurationPlatforms) = preSolution
		Debug|Any CPU = Debug|Any CPU
		Release|Any CPU = Release|Any CPU
	EndGlobalSection
	GlobalSection(ProjectConfigurationPlatforms) = postSolution
		{AF222E15-423A-473B-8825-2C465E3969CD}.Debug|Any CPU.ActiveCfg = Debug|Any CPU
		{AF222E15-423A-473B-8825-2C465E3969CD}.Debug|Any CPU.Build.0 = Debug|Any CPU
		{AF222E15-423A-473B-8825-2C465E3969CD}.Release|Any CPU.ActiveCfg = Release|Any CPU
		{AF222E15-423A-473B-8825-2C465E3969CD}.Release|Any CPU.Build.0 = Release|Any CPU
	EndGlobalSection
	GlobalSection(SolutionProperties) = preSolution
		HideSolutionNode = FALSE
	EndGlobalSection
	GlobalSection(ExtensibilityGlobals) = postSolution
		SolutionGuid = {10F1B1F4-A83E-482B-8571-CDB2CEC9EB69}
	EndGlobalSection
EndGlobal
